{
  "name": "goals-storage-indexeddb",
  "version": "1.0.1",
  "lockfileVersion": 1,
  "requires": true,
  "dependencies": {
    "dexie": {
      "version": "3.0.3",
      "resolved": "https://registry.npmjs.org/dexie/-/dexie-3.0.3.tgz",
      "integrity": "sha512-BSFhGpngnCl1DOr+8YNwBDobRMH0ziJs2vts69VilwetHYOtEDcLqo7d/XiIphM0tJZ2rPPyAGd31lgH2Ln3nw=="
    },
    "goals-core": {
      "version": "1.0.3",
      "resolved": "https://registry.npmjs.org/goals-core/-/goals-core-1.0.3.tgz",
      "integrity": "sha512-cHAjWyMWBCRSsJMIV2a1zyqnCNwqo9+J36MrDFus0vWxShSi47AD1rynYFyxlcVX8UWjUfuf0XCPfkuJmL/toA=="
    },
    "typescript": {
      "version": "4.1.3",
      "resolved": "https://registry.npmjs.org/typescript/-/typescript-4.1.3.tgz",
      "integrity": "sha512-B3ZIOf1IKeH2ixgHhj6la6xdwR9QrLC5d1VKeCSY4tvkqhF2eqd9O7txNlS0PO3GrBAFIdr3L1ndNwteUbZLYg==",
      "dev": true
    }
  }
}
